apicast scm-1|b28109bd80571cb04c4364b99281db8a27ac5374
argparse 0.5.0-1|
inspect 3.1.1-0|
liquid scm-1|811a73e38fdd9fdea116be4baf310ca326b96c77
lua-resty-env 0.4.0-1|
lua-resty-execvp 0.1.0-1|
lua-resty-http 0.12-0|
lua-resty-iputils 0.3.0-1|
lua-resty-jwt 0.1.11-0|
lua-resty-repl 0.0.6-0|3878f41b7e8f97b1c96919db19dbee9496569dda
lua-resty-url 0.2.0-1|
luafilesystem 1.7.0-2|
penlight 1.5.4-1|
router 2.1-0|
